
Microsoft Visual Studio Solution File, Format Version 12.00
# Visual Studio for Mac
Project("{FAE04EC0-301F-11D3-BF4B-00C04F79EFBC}") = "VuforiaScripts", "VuforiaScripts.csproj", "{0C1DE0CE-BD19-62BD-64CA-1B7DA2780932}"
EndProject
Project("{FAE04EC0-301F-11D3-BF4B-00C04F79EFBC}") = "Assembly-CSharp", "Assembly-CSharp.csproj", "{539F47B5-0B56-F7C3-2B55-9FE90DC28D4E}"
EndProject
Project("{FAE04EC0-301F-11D3-BF4B-00C04F79EFBC}") = "VuforiaEditorScripts", "VuforiaEditorScripts.csproj", "{6840DAC5-878D-891E-0014-B7BA6B3633AD}"
EndProject
Global
	GlobalSection(SolutionConfigurationPlatforms) = preSolution
		Debug|Any CPU = Debug|Any CPU
		Release|Any CPU = Release|Any CPU
	EndGlobalSection
	GlobalSection(ProjectConfigurationPlatforms) = postSolution
		{0C1DE0CE-BD19-62BD-64CA-1B7DA2780932}.Debug|Any CPU.ActiveCfg = Debug|Any CPU
		{0C1DE0CE-BD19-62BD-64CA-1B7DA2780932}.Debug|Any CPU.Build.0 = Debug|Any CPU
		{0C1DE0CE-BD19-62BD-64CA-1B7DA2780932}.Release|Any CPU.ActiveCfg = Release|Any CPU
		{0C1DE0CE-BD19-62BD-64CA-1B7DA2780932}.Release|Any CPU.Build.0 = Release|Any CPU
		{539F47B5-0B56-F7C3-2B55-9FE90DC28D4E}.Debug|Any CPU.ActiveCfg = Debug|Any CPU
		{539F47B5-0B56-F7C3-2B55-9FE90DC28D4E}.Debug|Any CPU.Build.0 = Debug|Any CPU
		{539F47B5-0B56-F7C3-2B55-9FE90DC28D4E}.Release|Any CPU.ActiveCfg = Release|Any CPU
		{539F47B5-0B56-F7C3-2B55-9FE90DC28D4E}.Release|Any CPU.Build.0 = Release|Any CPU
		{6840DAC5-878D-891E-0014-B7BA6B3633AD}.Debug|Any CPU.ActiveCfg = Debug|Any CPU
		{6840DAC5-878D-891E-0014-B7BA6B3633AD}.Debug|Any CPU.Build.0 = Debug|Any CPU
		{6840DAC5-878D-891E-0014-B7BA6B3633AD}.Release|Any CPU.ActiveCfg = Release|Any CPU
		{6840DAC5-878D-891E-0014-B7BA6B3633AD}.Release|Any CPU.Build.0 = Release|Any CPU
	EndGlobalSection
	GlobalSection(SolutionProperties) = preSolution
		HideSolutionNode = FALSE
	EndGlobalSection
EndGlobal
